// !$*UTF8*$!
{
	archiveVersion = 1;
	classes = {
	};
	objectVersion = 56;
	objects = {

/* Begin PBXBuildFile section */
			4F74E4F42E340001008F4D00 /* AlgoTradingMacApp.swift in Sources */ = {isa = PBXBuildFile; fileRef = 4F74E4F22E340001008F4D00 /* AlgoTradingMacApp.swift */; };
			4F74E4F52E340001008F4D00 /* ContentView.swift in Sources */ = {isa = PBXBuildFile; fileRef = 4F74E4F32E340001008F4D00 /* ContentView.swift */; };
			4F74E5202E340001008F4D00 /* SettingsView.swift in Sources */ = {isa = PBXBuildFile; fileRef = 4F74E5212E340001008F4D00 /* SettingsView.swift */; };
			89D67CFB7F1B4AEFA7D128A1 /* OwnerSurfacePanels.swift in Sources */ = {isa = PBXBuildFile; fileRef = 89D67CFB7F1B4AEFA7D128A0 /* OwnerSurfacePanels.swift */; };
			4F74E4F62E340001008F4D00 /* TradingKit in Frameworks */ = {isa = PBXBuildFile; productRef = 4F74E4F72E340001008F4D00 /* TradingKit */; };
			4F74E5002E340001008F4D00 /* AlgoTradingMacTests.swift in Sources */ = {isa = PBXBuildFile; fileRef = 4F74E5012E340001008F4D00 /* AlgoTradingMacTests.swift */; };
			4F74E5032E340001008F4D00 /* TradingKit in Frameworks */ = {isa = PBXBuildFile; productRef = 4F74E4F72E340001008F4D00 /* TradingKit */; };
/* End PBXBuildFile section */

/* Begin PBXContainerItemProxy section */
		9A1D10012E410001008F4D00 /* PBXContainerItemProxy */ = {
			isa = PBXContainerItemProxy;
			containerPortal = 4F74E4E02E340001008F4D00 /* Project object */;
			proxyType = 1;
			remoteGlobalIDString = 4F74E4EA2E340001008F4D00;
			remoteInfo = AlgoTradingMac;
		};
/* End PBXContainerItemProxy section */

/* Begin PBXFileReference section */
			4F74E4F22E340001008F4D00 /* AlgoTradingMacApp.swift */ = {isa = PBXFileReference; lastKnownFileType = sourcecode.swift; path = AlgoTradingMacApp.swift; sourceTree = "<group>"; };
			4F74E4F32E340001008F4D00 /* ContentView.swift */ = {isa = PBXFileReference; lastKnownFileType = sourcecode.swift; path = ContentView.swift; sourceTree = "<group>"; };
			4F74E5212E340001008F4D00 /* SettingsView.swift */ = {isa = PBXFileReference; lastKnownFileType = sourcecode.swift; path = SettingsView.swift; sourceTree = "<group>"; };
			89D67CFB7F1B4AEFA7D128A0 /* OwnerSurfacePanels.swift */ = {isa = PBXFileReference; lastKnownFileType = sourcecode.swift; path = OwnerSurfacePanels.swift; sourceTree = "<group>"; };
			4F74E4F12E340001008F4D00 /* AlgoTradingMac.app */ = {isa = PBXFileReference; explicitFileType = wrapper.application; path = AlgoTradingMac.app; sourceTree = BUILT_PRODUCTS_DIR; };
			4F74E5012E340001008F4D00 /* AlgoTradingMacTests.swift */ = {isa = PBXFileReference; lastKnownFileType = sourcecode.swift; path = AlgoTradingMacTests.swift; sourceTree = "<group>"; };
			4F74E5022E340001008F4D00 /* AlgoTradingMacTests.xctest */ = {isa = PBXFileReference; explicitFileType = wrapper.cfbundle; path = AlgoTradingMacTests.xctest; sourceTree = BUILT_PRODUCTS_DIR; };
/* End PBXFileReference section */

/* Begin PBXFrameworksBuildPhase section */
			4F74E4ED2E340001008F4D00 /* Frameworks */ = {
				isa = PBXFrameworksBuildPhase;
				buildActionMask = 2147483647;
			files = (
				4F74E4F62E340001008F4D00 /* TradingKit in Frameworks */,
				);
				runOnlyForDeploymentPostprocessing = 0;
			};
			4F74E5052E340001008F4D00 /* Frameworks */ = {
				isa = PBXFrameworksBuildPhase;
				buildActionMask = 2147483647;
				files = (
					4F74E5032E340001008F4D00 /* TradingKit in Frameworks */,
				);
				runOnlyForDeploymentPostprocessing = 0;
			};
/* End PBXFrameworksBuildPhase section */

/* Begin PBXGroup section */
			4F74E4E72E340001008F4D00 = {
				isa = PBXGroup;
				children = (
					4F74E4EE2E340001008F4D00 /* Sources */,
					4F74E5042E340001008F4D00 /* Tests */,
					4F74E4E92E340001008F4D00 /* Products */,
				);
				sourceTree = "<group>";
			};
			4F74E4E92E340001008F4D00 /* Products */ = {
				isa = PBXGroup;
				children = (
					4F74E4F12E340001008F4D00 /* AlgoTradingMac.app */,
					4F74E5022E340001008F4D00 /* AlgoTradingMacTests.xctest */,
				);
				name = Products;
				sourceTree = "<group>";
			};
			4F74E5042E340001008F4D00 /* Tests */ = {
				isa = PBXGroup;
				children = (
					4F74E5012E340001008F4D00 /* AlgoTradingMacTests.swift */,
				);
				path = Tests;
				sourceTree = "<group>";
			};
			4F74E4EE2E340001008F4D00 /* Sources */ = {
				isa = PBXGroup;
				children = (
				4F74E4F22E340001008F4D00 /* AlgoTradingMacApp.swift */,
				4F74E4F32E340001008F4D00 /* ContentView.swift */,
				89D67CFB7F1B4AEFA7D128A0 /* OwnerSurfacePanels.swift */,
				4F74E5212E340001008F4D00 /* SettingsView.swift */,
			);
			path = Sources;
			sourceTree = "<group>";
		};
/* End PBXGroup section */

/* Begin PBXNativeTarget section */
			4F74E4EA2E340001008F4D00 /* AlgoTradingMac */ = {
				isa = PBXNativeTarget;
				buildConfigurationList = 4F74E4FB2E340001008F4D00 /* Build configuration list for PBXNativeTarget "AlgoTradingMac" */;
			buildPhases = (
				4F74E4EB2E340001008F4D00 /* Sources */,
				4F74E4ED2E340001008F4D00 /* Frameworks */,
				4F74E4EC2E340001008F4D00 /* Resources */,
			);
			buildRules = (
			);
			dependencies = (
			);
			name = AlgoTradingMac;
			packageProductDependencies = (
				4F74E4F72E340001008F4D00 /* TradingKit */,
			);
			productName = AlgoTradingMac;
				productReference = 4F74E4F12E340001008F4D00 /* AlgoTradingMac.app */;
				productType = "com.apple.product-type.application";
			};
			4F74E5082E340001008F4D00 /* AlgoTradingMacTests */ = {
				isa = PBXNativeTarget;
				buildConfigurationList = 4F74E5092E340001008F4D00 /* Build configuration list for PBXNativeTarget "AlgoTradingMacTests" */;
				buildPhases = (
					4F74E5072E340001008F4D00 /* Sources */,
					4F74E5052E340001008F4D00 /* Frameworks */,
					4F74E5062E340001008F4D00 /* Resources */,
				);
				buildRules = (
				);
				dependencies = (
					9A1D10022E410001008F4D00 /* PBXTargetDependency */,
				);
				name = AlgoTradingMacTests;
				packageProductDependencies = (
					4F74E4F72E340001008F4D00 /* TradingKit */,
				);
				productName = AlgoTradingMacTests;
				productReference = 4F74E5022E340001008F4D00 /* AlgoTradingMacTests.xctest */;
				productType = "com.apple.product-type.bundle.unit-test";
			};
/* End PBXNativeTarget section */

/* Begin PBXProject section */
		4F74E4E02E340001008F4D00 /* Project object */ = {
			isa = PBXProject;
				attributes = {
					BuildIndependentTargetsInParallel = 1;
					LastSwiftUpdateCheck = 1600;
					LastUpgradeCheck = 1600;
					TargetAttributes = {
						4F74E4EA2E340001008F4D00 = {
							CreatedOnToolsVersion = 16.0;
						};
						4F74E5082E340001008F4D00 = {
							CreatedOnToolsVersion = 16.0;
							TestTargetID = 4F74E4EA2E340001008F4D00;
						};
					};
				};
			buildConfigurationList = 4F74E4E32E340001008F4D00 /* Build configuration list for PBXProject "AlgoTradingMac" */;
			compatibilityVersion = "Xcode 14.0";
			developmentRegion = en;
			hasScannedForEncodings = 0;
			knownRegions = (
				en,
				Base,
			);
			mainGroup = 4F74E4E72E340001008F4D00;
			packageReferences = (
				4F74E4F82E340001008F4D00 /* XCLocalSwiftPackageReference "../../Packages/TradingKit" */,
			);
			productRefGroup = 4F74E4E92E340001008F4D00 /* Products */;
			projectDirPath = "";
			projectRoot = "";
				targets = (
					4F74E4EA2E340001008F4D00 /* AlgoTradingMac */,
					4F74E5082E340001008F4D00 /* AlgoTradingMacTests */,
				);
			};
/* End PBXProject section */

/* Begin PBXTargetDependency section */
		9A1D10022E410001008F4D00 /* PBXTargetDependency */ = {
			isa = PBXTargetDependency;
			target = 4F74E4EA2E340001008F4D00 /* AlgoTradingMac */;
			targetProxy = 9A1D10012E410001008F4D00 /* PBXContainerItemProxy */;
		};
/* End PBXTargetDependency section */

/* Begin PBXResourcesBuildPhase section */
			4F74E4EC2E340001008F4D00 /* Resources */ = {
				isa = PBXResourcesBuildPhase;
			buildActionMask = 2147483647;
			files = (
				);
				runOnlyForDeploymentPostprocessing = 0;
			};
			4F74E5062E340001008F4D00 /* Resources */ = {
				isa = PBXResourcesBuildPhase;
				buildActionMask = 2147483647;
				files = (
				);
				runOnlyForDeploymentPostprocessing = 0;
			};
/* End PBXResourcesBuildPhase section */

/* Begin PBXSourcesBuildPhase section */
			4F74E4EB2E340001008F4D00 /* Sources */ = {
				isa = PBXSourcesBuildPhase;
			buildActionMask = 2147483647;
			files = (
				4F74E4F42E340001008F4D00 /* AlgoTradingMacApp.swift in Sources */,
				4F74E4F52E340001008F4D00 /* ContentView.swift in Sources */,
				89D67CFB7F1B4AEFA7D128A1 /* OwnerSurfacePanels.swift in Sources */,
				4F74E5202E340001008F4D00 /* SettingsView.swift in Sources */,
				);
				runOnlyForDeploymentPostprocessing = 0;
			};
			4F74E5072E340001008F4D00 /* Sources */ = {
				isa = PBXSourcesBuildPhase;
				buildActionMask = 2147483647;
				files = (
					4F74E5002E340001008F4D00 /* AlgoTradingMacTests.swift in Sources */,
				);
				runOnlyForDeploymentPostprocessing = 0;
			};
/* End PBXSourcesBuildPhase section */

/* Begin XCBuildConfiguration section */
		4F74E4E42E340001008F4D00 /* Debug */ = {
			isa = XCBuildConfiguration;
			buildSettings = {
				ALWAYS_SEARCH_USER_PATHS = NO;
				CLANG_ANALYZER_NONNULL = YES;
				CLANG_ANALYZER_NUMBER_OBJECT_CONVERSION = YES_AGGRESSIVE;
				CLANG_CXX_LANGUAGE_STANDARD = "gnu++20";
				CLANG_ENABLE_MODULES = YES;
				CLANG_ENABLE_OBJC_ARC = YES;
				CLANG_ENABLE_OBJC_WEAK = YES;
				CLANG_WARN_BLOCK_CAPTURE_AUTORELEASING = YES;
				CLANG_WARN_BOOL_CONVERSION = YES;
				CLANG_WARN_COMMA = YES;
				CLANG_WARN_CONSTANT_CONVERSION = YES;
				CLANG_WARN_DEPRECATED_OBJC_IMPLEMENTATIONS = YES;
				CLANG_WARN_DIRECT_OBJC_ISA_USAGE = YES_ERROR;
				CLANG_WARN_DOCUMENTATION_COMMENTS = YES;
				CLANG_WARN_EMPTY_BODY = YES;
				CLANG_WARN_ENUM_CONVERSION = YES;
				CLANG_WARN_INFINITE_RECURSION = YES;
				CLANG_WARN_INT_CONVERSION = YES;
				CLANG_WARN_NON_LITERAL_NULL_CONVERSION = YES;
				CLANG_WARN_OBJC_IMPLICIT_RETAIN_SELF = YES;
				CLANG_WARN_OBJC_LITERAL_CONVERSION = YES;
				CLANG_WARN_OBJC_ROOT_CLASS = YES_ERROR;
				CLANG_WARN_QUOTED_INCLUDE_IN_FRAMEWORK_HEADER = YES;
				CLANG_WARN_RANGE_LOOP_ANALYSIS = YES;
				CLANG_WARN_STRICT_PROTOTYPES = YES;
				CLANG_WARN_SUSPICIOUS_MOVE = YES;
				CLANG_WARN_UNGUARDED_AVAILABILITY = YES_AGGRESSIVE;
				CLANG_WARN_UNREACHABLE_CODE = YES;
				CLANG_WARN__DUPLICATE_METHOD_MATCH = YES;
				COPY_PHASE_STRIP = NO;
				DEBUG_INFORMATION_FORMAT = dwarf;
				ENABLE_STRICT_OBJC_MSGSEND = YES;
				ENABLE_TESTABILITY = YES;
				GCC_C_LANGUAGE_STANDARD = gnu17;
				GCC_DYNAMIC_NO_PIC = NO;
				GCC_NO_COMMON_BLOCKS = YES;
				GCC_OPTIMIZATION_LEVEL = 0;
				GCC_PREPROCESSOR_DEFINITIONS = (
					"DEBUG=1",
					"$(inherited)",
				);
				GCC_WARN_64_TO_32_BIT_CONVERSION = YES;
				GCC_WARN_ABOUT_RETURN_TYPE = YES_ERROR;
				GCC_WARN_UNDECLARED_SELECTOR = YES;
				GCC_WARN_UNINITIALIZED_AUTOS = YES_AGGRESSIVE;
				GCC_WARN_UNUSED_FUNCTION = YES;
				GCC_WARN_UNUSED_VARIABLE = YES;
				MACOSX_DEPLOYMENT_TARGET = 13.0;
				MTL_ENABLE_DEBUG_INFO = INCLUDE_SOURCE;
				MTL_FAST_MATH = YES;
				ONLY_ACTIVE_ARCH = YES;
				SDKROOT = macosx;
				SWIFT_ACTIVE_COMPILATION_CONDITIONS = DEBUG;
				SWIFT_OPTIMIZATION_LEVEL = "-Onone";
			};
			name = Debug;
		};
		4F74E4E52E340001008F4D00 /* Release */ = {
			isa = XCBuildConfiguration;
			buildSettings = {
				ALWAYS_SEARCH_USER_PATHS = NO;
				CLANG_ANALYZER_NONNULL = YES;
				CLANG_ANALYZER_NUMBER_OBJECT_CONVERSION = YES_AGGRESSIVE;
				CLANG_CXX_LANGUAGE_STANDARD = "gnu++20";
				CLANG_ENABLE_MODULES = YES;
				CLANG_ENABLE_OBJC_ARC = YES;
				CLANG_ENABLE_OBJC_WEAK = YES;
				CLANG_WARN_BLOCK_CAPTURE_AUTORELEASING = YES;
				CLANG_WARN_BOOL_CONVERSION = YES;
				CLANG_WARN_COMMA = YES;
				CLANG_WARN_CONSTANT_CONVERSION = YES;
				CLANG_WARN_DEPRECATED_OBJC_IMPLEMENTATIONS = YES;
				CLANG_WARN_DIRECT_OBJC_ISA_USAGE = YES_ERROR;
				CLANG_WARN_DOCUMENTATION_COMMENTS = YES;
				CLANG_WARN_EMPTY_BODY = YES;
				CLANG_WARN_ENUM_CONVERSION = YES;
				CLANG_WARN_INFINITE_RECURSION = YES;
				CLANG_WARN_INT_CONVERSION = YES;
				CLANG_WARN_NON_LITERAL_NULL_CONVERSION = YES;
				CLANG_WARN_OBJC_IMPLICIT_RETAIN_SELF = YES;
				CLANG_WARN_OBJC_LITERAL_CONVERSION = YES;
				CLANG_WARN_OBJC_ROOT_CLASS = YES_ERROR;
				CLANG_WARN_QUOTED_INCLUDE_IN_FRAMEWORK_HEADER = YES;
				CLANG_WARN_RANGE_LOOP_ANALYSIS = YES;
				CLANG_WARN_STRICT_PROTOTYPES = YES;
				CLANG_WARN_SUSPICIOUS_MOVE = YES;
				CLANG_WARN_UNGUARDED_AVAILABILITY = YES_AGGRESSIVE;
				CLANG_WARN_UNREACHABLE_CODE = YES;
				CLANG_WARN__DUPLICATE_METHOD_MATCH = YES;
				COPY_PHASE_STRIP = NO;
				DEBUG_INFORMATION_FORMAT = "dwarf-with-dsym";
				ENABLE_NS_ASSERTIONS = NO;
				ENABLE_STRICT_OBJC_MSGSEND = YES;
				GCC_C_LANGUAGE_STANDARD = gnu17;
				GCC_NO_COMMON_BLOCKS = YES;
				GCC_WARN_64_TO_32_BIT_CONVERSION = YES;
				GCC_WARN_ABOUT_RETURN_TYPE = YES_ERROR;
				GCC_WARN_UNDECLARED_SELECTOR = YES;
				GCC_WARN_UNINITIALIZED_AUTOS = YES_AGGRESSIVE;
				GCC_WARN_UNUSED_FUNCTION = YES;
				GCC_WARN_UNUSED_VARIABLE = YES;
				MACOSX_DEPLOYMENT_TARGET = 13.0;
				MTL_ENABLE_DEBUG_INFO = NO;
				MTL_FAST_MATH = YES;
				SDKROOT = macosx;
				SWIFT_COMPILATION_MODE = wholemodule;
				SWIFT_OPTIMIZATION_LEVEL = "-O";
			};
			name = Release;
		};
		4F74E4F92E340001008F4D00 /* Debug */ = {
			isa = XCBuildConfiguration;
			buildSettings = {
				CODE_SIGN_STYLE = Automatic;
				COMBINE_HIDPI_IMAGES = YES;
				GENERATE_INFOPLIST_FILE = YES;
				INFOPLIST_KEY_LSApplicationCategoryType = "public.app-category.finance";
				LD_RUNPATH_SEARCH_PATHS = (
					"$(inherited)",
					"@executable_path/../Frameworks",
				);
				MACOSX_DEPLOYMENT_TARGET = 13.0;
				PRODUCT_BUNDLE_IDENTIFIER = com.example.AlgoTradingMac;
				PRODUCT_NAME = "$(TARGET_NAME)";
				SWIFT_EMIT_LOC_STRINGS = YES;
				SWIFT_VERSION = 5.0;
			};
			name = Debug;
		};
			4F74E4FA2E340001008F4D00 /* Release */ = {
				isa = XCBuildConfiguration;
				buildSettings = {
				CODE_SIGN_STYLE = Automatic;
				COMBINE_HIDPI_IMAGES = YES;
				GENERATE_INFOPLIST_FILE = YES;
				INFOPLIST_KEY_LSApplicationCategoryType = "public.app-category.finance";
				LD_RUNPATH_SEARCH_PATHS = (
					"$(inherited)",
					"@executable_path/../Frameworks",
				);
				MACOSX_DEPLOYMENT_TARGET = 13.0;
				PRODUCT_BUNDLE_IDENTIFIER = com.example.AlgoTradingMac;
				PRODUCT_NAME = "$(TARGET_NAME)";
				SWIFT_EMIT_LOC_STRINGS = YES;
				SWIFT_VERSION = 5.0;
				};
				name = Release;
			};
			4F74E50A2E340001008F4D00 /* Debug */ = {
				isa = XCBuildConfiguration;
				buildSettings = {
					BUNDLE_LOADER = "$(TEST_HOST)";
					CODE_SIGN_STYLE = Automatic;
					GENERATE_INFOPLIST_FILE = YES;
					MACOSX_DEPLOYMENT_TARGET = 13.0;
					PRODUCT_BUNDLE_IDENTIFIER = com.example.AlgoTradingMacTests;
					PRODUCT_NAME = "$(TARGET_NAME)";
					SWIFT_VERSION = 5.0;
					TEST_HOST = "$(BUILT_PRODUCTS_DIR)/AlgoTradingMac.app/Contents/MacOS/AlgoTradingMac";
				};
				name = Debug;
			};
			4F74E50B2E340001008F4D00 /* Release */ = {
				isa = XCBuildConfiguration;
				buildSettings = {
					BUNDLE_LOADER = "$(TEST_HOST)";
					CODE_SIGN_STYLE = Automatic;
					GENERATE_INFOPLIST_FILE = YES;
					MACOSX_DEPLOYMENT_TARGET = 13.0;
					PRODUCT_BUNDLE_IDENTIFIER = com.example.AlgoTradingMacTests;
					PRODUCT_NAME = "$(TARGET_NAME)";
					SWIFT_VERSION = 5.0;
					TEST_HOST = "$(BUILT_PRODUCTS_DIR)/AlgoTradingMac.app/Contents/MacOS/AlgoTradingMac";
				};
				name = Release;
			};
/* End XCBuildConfiguration section */

/* Begin XCConfigurationList section */
		4F74E4E32E340001008F4D00 /* Build configuration list for PBXProject "AlgoTradingMac" */ = {
			isa = XCConfigurationList;
			buildConfigurations = (
				4F74E4E42E340001008F4D00 /* Debug */,
				4F74E4E52E340001008F4D00 /* Release */,
			);
			defaultConfigurationIsVisible = 0;
			defaultConfigurationName = Release;
		};
			4F74E4FB2E340001008F4D00 /* Build configuration list for PBXNativeTarget "AlgoTradingMac" */ = {
				isa = XCConfigurationList;
				buildConfigurations = (
					4F74E4F92E340001008F4D00 /* Debug */,
					4F74E4FA2E340001008F4D00 /* Release */,
				);
				defaultConfigurationIsVisible = 0;
				defaultConfigurationName = Release;
			};
			4F74E5092E340001008F4D00 /* Build configuration list for PBXNativeTarget "AlgoTradingMacTests" */ = {
				isa = XCConfigurationList;
				buildConfigurations = (
					4F74E50A2E340001008F4D00 /* Debug */,
					4F74E50B2E340001008F4D00 /* Release */,
				);
				defaultConfigurationIsVisible = 0;
				defaultConfigurationName = Release;
			};
/* End XCConfigurationList section */

/* Begin XCLocalSwiftPackageReference section */
		4F74E4F82E340001008F4D00 /* XCLocalSwiftPackageReference "../../Packages/TradingKit" */ = {
			isa = XCLocalSwiftPackageReference;
			relativePath = ../../Packages/TradingKit;
		};
/* End XCLocalSwiftPackageReference section */

/* Begin XCSwiftPackageProductDependency section */
		4F74E4F72E340001008F4D00 /* TradingKit */ = {
			isa = XCSwiftPackageProductDependency;
			package = 4F74E4F82E340001008F4D00 /* XCLocalSwiftPackageReference "../../Packages/TradingKit" */;
			productName = TradingKit;
		};
/* End XCSwiftPackageProductDependency section */
	};
	rootObject = 4F74E4E02E340001008F4D00 /* Project object */;
}
